Microsoft Visual Studio Solution File, Format Version 12.00
# Visual Studio Version 17
VisualStudioVersion = 17.5.2.0
MinimumVisualStudioVersion = 10.0.40219.1
Project("{FAE04EC0-301F-11D3-BF4B-00C04F79EFBC}") = "DailyInventory.Web", "DailyInventory.Web.csproj", "{9A5D1FC1-3F38-61A3-5B61-42D7BA0A6267}"
EndProject
Global
	GlobalSection(SolutionConfigurationPlatforms) = preSolution
		Debug|Any CPU = Debug|Any CPU
		Release|Any CPU = Release|Any CPU
	EndGlobalSection
	GlobalSection(ProjectConfigurationPlatforms) = postSolution
		{9A5D1FC1-3F38-61A3-5B61-42D7BA0A6267}.Debug|Any CPU.ActiveCfg = Debug|Any CPU
		{9A5D1FC1-3F38-61A3-5B61-42D7BA0A6267}.Debug|Any CPU.Build.0 = Debug|Any CPU
		{9A5D1FC1-3F38-61A3-5B61-42D7BA0A6267}.Release|Any CPU.ActiveCfg = Release|Any CPU
		{9A5D1FC1-3F38-61A3-5B61-42D7BA0A6267}.Release|Any CPU.Build.0 = Release|Any CPU
	EndGlobalSection
	GlobalSection(SolutionProperties) = preSolution
		HideSolutionNode = FALSE
	EndGlobalSection
	GlobalSection(ExtensibilityGlobals) = postSolution
		SolutionGuid = {D58E4B0E-CDFC-4018-8005-01F25D19DDD7}
	EndGlobalSection
EndGlobal
